
Microsoft Visual Studio Solution File, Format Version 12.00
# Visual Studio Version 16
VisualStudioVersion = 16.0.31624.102
MinimumVisualStudioVersion = 10.0.40219.1
Project("{FAE04EC0-301F-11D3-BF4B-00C04F79EFBC}") = "DailyReport", "DailyReport.csproj", "{527E87D5-20CA-43A7-B2ED-5D2D5748E4C9}"
EndProject
Global
	GlobalSection(SolutionConfigurationPlatforms) = preSolution
		Debug|Any CPU = Debug|Any CPU
		Release|Any CPU = Release|Any CPU
	EndGlobalSection
	GlobalSection(ProjectConfigurationPlatforms) = postSolution
		{527E87D5-20CA-43A7-B2ED-5D2D5748E4C9}.Debug|Any CPU.ActiveCfg = Debug|Any CPU
		{527E87D5-20CA-43A7-B2ED-5D2D5748E4C9}.Debug|Any CPU.Build.0 = Debug|Any CPU
		{527E87D5-20CA-43A7-B2ED-5D2D5748E4C9}.Release|Any CPU.ActiveCfg = Release|Any CPU
		{527E87D5-20CA-43A7-B2ED-5D2D5748E4C9}.Release|Any CPU.Build.0 = Release|Any CPU
	EndGlobalSection
	GlobalSection(SolutionProperties) = preSolution
		HideSolutionNode = FALSE
	EndGlobalSection
	GlobalSection(ExtensibilityGlobals) = postSolution
		SolutionGuid = {E93F842E-3BF8-41E3-A5F5-F7781B40FFC0}
	EndGlobalSection
EndGlobal
