
Microsoft Visual Studio Solution File, Format Version 12.00
# Visual Studio Version 16
VisualStudioVersion = 16.0.31702.278
MinimumVisualStudioVersion = 10.0.40219.1
Project("{FAE04EC0-301F-11D3-BF4B-00C04F79EFBC}") = "Enums", "Enums.csproj", "{A5DDA022-318B-477A-BCE9-B6F357CA5AE0}"
EndProject
Global
	GlobalSection(SolutionConfigurationPlatforms) = preSolution
		Debug|Any CPU = Debug|Any CPU
		Release|Any CPU = Release|Any CPU
	EndGlobalSection
	GlobalSection(ProjectConfigurationPlatforms) = postSolution
		{A5DDA022-318B-477A-BCE9-B6F357CA5AE0}.Debug|Any CPU.ActiveCfg = Debug|Any CPU
		{A5DDA022-318B-477A-BCE9-B6F357CA5AE0}.Debug|Any CPU.Build.0 = Debug|Any CPU
		{A5DDA022-318B-477A-BCE9-B6F357CA5AE0}.Release|Any CPU.ActiveCfg = Release|Any CPU
		{A5DDA022-318B-477A-BCE9-B6F357CA5AE0}.Release|Any CPU.Build.0 = Release|Any CPU
	EndGlobalSection
	GlobalSection(SolutionProperties) = preSolution
		HideSolutionNode = FALSE
	EndGlobalSection
	GlobalSection(ExtensibilityGlobals) = postSolution
		SolutionGuid = {D7DF5C6B-333E-4F1C-9F87-F77F45376299}
	EndGlobalSection
EndGlobal
